
Microsoft Visual Studio Solution File, Format Version 12.00
# Visual Studio Version 17
VisualStudioVersion = 17.0.32002.185
MinimumVisualStudioVersion = 10.0.40219.1
Project("{FAE04EC0-301F-11D3-BF4B-00C04F79EFBC}") = "UserService", "UserService\UserService.csproj", "{4406A4B3-3F01-4C5E-BC3E-D5CE2541A076}"
EndProject
Project("{FAE04EC0-301F-11D3-BF4B-00C04F79EFBC}") = "Gateway", "Gateway\Gateway.csproj", "{346898BB-3528-4EF5-9836-7870BD786E09}"
EndProject
Project("{FAE04EC0-301F-11D3-BF4B-00C04F79EFBC}") = "GameService", "GameService\GameService.csproj", "{B4874F2A-A305-4F35-A04A-C688C644A323}"
EndProject
Global
	GlobalSection(SolutionConfigurationPlatforms) = preSolution
		Debug|Any CPU = Debug|Any CPU
		Release|Any CPU = Release|Any CPU
	EndGlobalSection
	GlobalSection(ProjectConfigurationPlatforms) = postSolution
		{4406A4B3-3F01-4C5E-BC3E-D5CE2541A076}.Debug|Any CPU.ActiveCfg = Debug|Any CPU
		{4406A4B3-3F01-4C5E-BC3E-D5CE2541A076}.Debug|Any CPU.Build.0 = Debug|Any CPU
		{4406A4B3-3F01-4C5E-BC3E-D5CE2541A076}.Release|Any CPU.ActiveCfg = Release|Any CPU
		{4406A4B3-3F01-4C5E-BC3E-D5CE2541A076}.Release|Any CPU.Build.0 = Release|Any CPU
		{346898BB-3528-4EF5-9836-7870BD786E09}.Debug|Any CPU.ActiveCfg = Debug|Any CPU
		{346898BB-3528-4EF5-9836-7870BD786E09}.Debug|Any CPU.Build.0 = Debug|Any CPU
		{346898BB-3528-4EF5-9836-7870BD786E09}.Release|Any CPU.ActiveCfg = Release|Any CPU
		{346898BB-3528-4EF5-9836-7870BD786E09}.Release|Any CPU.Build.0 = Release|Any CPU
		{B4874F2A-A305-4F35-A04A-C688C644A323}.Debug|Any CPU.ActiveCfg = Debug|Any CPU
		{B4874F2A-A305-4F35-A04A-C688C644A323}.Debug|Any CPU.Build.0 = Debug|Any CPU
		{B4874F2A-A305-4F35-A04A-C688C644A323}.Release|Any CPU.ActiveCfg = Release|Any CPU
		{B4874F2A-A305-4F35-A04A-C688C644A323}.Release|Any CPU.Build.0 = Release|Any CPU
	EndGlobalSection
	GlobalSection(SolutionProperties) = preSolution
		HideSolutionNode = FALSE
	EndGlobalSection
	GlobalSection(ExtensibilityGlobals) = postSolution
		SolutionGuid = {957D40B7-D4BE-4EC9-B25C-FF2FE0543353}
	EndGlobalSection
EndGlobal
